// !$*UTF8*$!
{
	archiveVersion = 1;
	classes = {
	};
	objectVersion = 55;
	objects = {

/* Begin PBXBuildFile section */
		3AFB17B7296BBBDE003EF444 /* AppDelegate.swift in Sources */ = {isa = PBXBuildFile; fileRef = 3AFB17B6296BBBDE003EF444 /* AppDelegate.swift */; };
		3AFB17B9296BBBDE003EF444 /* SceneDelegate.swift in Sources */ = {isa = PBXBuildFile; fileRef = 3AFB17B8296BBBDE003EF444 /* SceneDelegate.swift */; };
		3AFB17BB296BBBDE003EF444 /* ViewController.swift in Sources */ = {isa = PBXBuildFile; fileRef = 3AFB17BA296BBBDE003EF444 /* ViewController.swift */; };
		3AFB17BE296BBBDE003EF444 /* Main.storyboard in Resources */ = {isa = PBXBuildFile; fileRef = 3AFB17BC296BBBDE003EF444 /* Main.storyboard */; };
		3AFB17C0296BBBE1003EF444 /* Assets.xcassets in Resources */ = {isa = PBXBuildFile; fileRef = 3AFB17BF296BBBE1003EF444 /* Assets.xcassets */; };
		3AFB17C3296BBBE1003EF444 /* LaunchScreen.storyboard in Resources */ = {isa = PBXBuildFile; fileRef = 3AFB17C1296BBBE1003EF444 /* LaunchScreen.storyboard */; };
		3AFB17CE296BBBE1003EF444 /* TraditionalChineseTextViewDemoTests.swift in Sources */ = {isa = PBXBuildFile; fileRef = 3AFB17CD296BBBE1003EF444 /* TraditionalChineseTextViewDemoTests.swift */; };
		3AFB17D8296BBBE1003EF444 /* TraditionalChineseTextViewDemoUITests.swift in Sources */ = {isa = PBXBuildFile; fileRef = 3AFB17D7296BBBE1003EF444 /* TraditionalChineseTextViewDemoUITests.swift */; };
		3AFB17DA296BBBE1003EF444 /* TraditionalChineseTextViewDemoUITestsLaunchTests.swift in Sources */ = {isa = PBXBuildFile; fileRef = 3AFB17D9296BBBE1003EF444 /* TraditionalChineseTextViewDemoUITestsLaunchTests.swift */; };
		3AFB17E9296BBC48003EF444 /* TraditonChineseLable.swift in Sources */ = {isa = PBXBuildFile; fileRef = 3AFB17E7296BBC48003EF444 /* TraditonChineseLable.swift */; };
		3AFB17EA296BBC48003EF444 /* TraditionalChineseTextView.swift in Sources */ = {isa = PBXBuildFile; fileRef = 3AFB17E8296BBC48003EF444 /* TraditionalChineseTextView.swift */; };
		3AFB17EC296BC25C003EF444 /* fzxz.ttf in Resources */ = {isa = PBXBuildFile; fileRef = 3AFB17EB296BC25C003EF444 /* fzxz.ttf */; };
/* End PBXBuildFile section */

/* Begin PBXContainerItemProxy section */
		3AFB17CA296BBBE1003EF444 /* PBXContainerItemProxy */ = {
			isa = PBXContainerItemProxy;
			containerPortal = 3AFB17AB296BBBDE003EF444 /* Project object */;
			proxyType = 1;
			remoteGlobalIDString = 3AFB17B2296BBBDE003EF444;
			remoteInfo = TraditionalChineseTextViewDemo;
		};
		3AFB17D4296BBBE1003EF444 /* PBXContainerItemProxy */ = {
			isa = PBXContainerItemProxy;
			containerPortal = 3AFB17AB296BBBDE003EF444 /* Project object */;
			proxyType = 1;
			remoteGlobalIDString = 3AFB17B2296BBBDE003EF444;
			remoteInfo = TraditionalChineseTextViewDemo;
		};
/* End PBXContainerItemProxy section */

/* Begin PBXFileReference section */
		3AFB17B3296BBBDE003EF444 /* TraditionalChineseTextViewDemo.app */ = {isa = PBXFileReference; explicitFileType = wrapper.application; includeInIndex = 0; path = TraditionalChineseTextViewDemo.app; sourceTree = BUILT_PRODUCTS_DIR; };
		3AFB17B6296BBBDE003EF444 /* AppDelegate.swift */ = {isa = PBXFileReference; lastKnownFileType = sourcecode.swift; path = AppDelegate.swift; sourceTree = "<group>"; };
		3AFB17B8296BBBDE003EF444 /* SceneDelegate.swift */ = {isa = PBXFileReference; lastKnownFileType = sourcecode.swift; path = SceneDelegate.swift; sourceTree = "<group>"; };
		3AFB17BA296BBBDE003EF444 /* ViewController.swift */ = {isa = PBXFileReference; lastKnownFileType = sourcecode.swift; path = ViewController.swift; sourceTree = "<group>"; };
		3AFB17BD296BBBDE003EF444 /* Base */ = {isa = PBXFileReference; lastKnownFileType = file.storyboard; name = Base; path = Base.lproj/Main.storyboard; sourceTree = "<group>"; };
		3AFB17BF296BBBE1003EF444 /* Assets.xcassets */ = {isa = PBXFileReference; lastKnownFileType = folder.assetcatalog; path = Assets.xcassets; sourceTree = "<group>"; };
		3AFB17C2296BBBE1003EF444 /* Base */ = {isa = PBXFileReference; lastKnownFileType = file.storyboard; name = Base; path = Base.lproj/LaunchScreen.storyboard; sourceTree = "<group>"; };
		3AFB17C4296BBBE1003EF444 /* Info.plist */ = {isa = PBXFileReference; lastKnownFileType = text.plist.xml; path = Info.plist; sourceTree = "<group>"; };
		3AFB17C9296BBBE1003EF444 /* TraditionalChineseTextViewDemoTests.xctest */ = {isa = PBXFileReference; explicitFileType = wrapper.cfbundle; includeInIndex = 0; path = TraditionalChineseTextViewDemoTests.xctest; sourceTree = BUILT_PRODUCTS_DIR; };
		3AFB17CD296BBBE1003EF444 /* TraditionalChineseTextViewDemoTests.swift */ = {isa = PBXFileReference; lastKnownFileType = sourcecode.swift; path = TraditionalChineseTextViewDemoTests.swift; sourceTree = "<group>"; };
		3AFB17D3296BBBE1003EF444 /* TraditionalChineseTextViewDemoUITests.xctest */ = {isa = PBXFileReference; explicitFileType = wrapper.cfbundle; includeInIndex = 0; path = TraditionalChineseTextViewDemoUITests.xctest; sourceTree = BUILT_PRODUCTS_DIR; };
		3AFB17D7296BBBE1003EF444 /* TraditionalChineseTextViewDemoUITests.swift */ = {isa = PBXFileReference; lastKnownFileType = sourcecode.swift; path = TraditionalChineseTextViewDemoUITests.swift; sourceTree = "<group>"; };
		3AFB17D9296BBBE1003EF444 /* TraditionalChineseTextViewDemoUITestsLaunchTests.swift */ = {isa = PBXFileReference; lastKnownFileType = sourcecode.swift; path = TraditionalChineseTextViewDemoUITestsLaunchTests.swift; sourceTree = "<group>"; };
		3AFB17E7296BBC48003EF444 /* TraditonChineseLable.swift */ = {isa = PBXFileReference; fileEncoding = 4; lastKnownFileType = sourcecode.swift; path = TraditonChineseLable.swift; sourceTree = "<group>"; };
		3AFB17E8296BBC48003EF444 /* TraditionalChineseTextView.swift */ = {isa = PBXFileReference; fileEncoding = 4; lastKnownFileType = sourcecode.swift; path = TraditionalChineseTextView.swift; sourceTree = "<group>"; };
		3AFB17EB296BC25C003EF444 /* fzxz.ttf */ = {isa = PBXFileReference; lastKnownFileType = file; path = fzxz.ttf; sourceTree = "<group>"; };
/* End PBXFileReference section */

/* Begin PBXFrameworksBuildPhase section */
		3AFB17B0296BBBDE003EF444 /* Frameworks */ = {
			isa = PBXFrameworksBuildPhase;
			buildActionMask = 2147483647;
			files = (
			);
			runOnlyForDeploymentPostprocessing = 0;
		};
		3AFB17C6296BBBE1003EF444 /* Frameworks */ = {
			isa = PBXFrameworksBuildPhase;
			buildActionMask = 2147483647;
			files = (
			);
			runOnlyForDeploymentPostprocessing = 0;
		};
		3AFB17D0296BBBE1003EF444 /* Frameworks */ = {
			isa = PBXFrameworksBuildPhase;
			buildActionMask = 2147483647;
			files = (
			);
			runOnlyForDeploymentPostprocessing = 0;
		};
/* End PBXFrameworksBuildPhase section */

/* Begin PBXGroup section */
		3AFB17AA296BBBDE003EF444 = {
			isa = PBXGroup;
			children = (
				3AFB17B5296BBBDE003EF444 /* TraditionalChineseTextViewDemo */,
				3AFB17CC296BBBE1003EF444 /* TraditionalChineseTextViewDemoTests */,
				3AFB17D6296BBBE1003EF444 /* TraditionalChineseTextViewDemoUITests */,
				3AFB17B4296BBBDE003EF444 /* Products */,
			);
			sourceTree = "<group>";
		};
		3AFB17B4296BBBDE003EF444 /* Products */ = {
			isa = PBXGroup;
			children = (
				3AFB17B3296BBBDE003EF444 /* TraditionalChineseTextViewDemo.app */,
				3AFB17C9296BBBE1003EF444 /* TraditionalChineseTextViewDemoTests.xctest */,
				3AFB17D3296BBBE1003EF444 /* TraditionalChineseTextViewDemoUITests.xctest */,
			);
			name = Products;
			sourceTree = "<group>";
		};
		3AFB17B5296BBBDE003EF444 /* TraditionalChineseTextViewDemo */ = {
			isa = PBXGroup;
			children = (
				3AFB17B6296BBBDE003EF444 /* AppDelegate.swift */,
				3AFB17E6296BBBFC003EF444 /* TraditionalChineseTextView */,
				3AFB17B8296BBBDE003EF444 /* SceneDelegate.swift */,
				3AFB17BA296BBBDE003EF444 /* ViewController.swift */,
				3AFB17BC296BBBDE003EF444 /* Main.storyboard */,
				3AFB17BF296BBBE1003EF444 /* Assets.xcassets */,
				3AFB17EB296BC25C003EF444 /* fzxz.ttf */,
				3AFB17C1296BBBE1003EF444 /* LaunchScreen.storyboard */,
				3AFB17C4296BBBE1003EF444 /* Info.plist */,
			);
			path = TraditionalChineseTextViewDemo;
			sourceTree = "<group>";
		};
		3AFB17CC296BBBE1003EF444 /* TraditionalChineseTextViewDemoTests */ = {
			isa = PBXGroup;
			children = (
				3AFB17CD296BBBE1003EF444 /* TraditionalChineseTextViewDemoTests.swift */,
			);
			path = TraditionalChineseTextViewDemoTests;
			sourceTree = "<group>";
		};
		3AFB17D6296BBBE1003EF444 /* TraditionalChineseTextViewDemoUITests */ = {
			isa = PBXGroup;
			children = (
				3AFB17D7296BBBE1003EF444 /* TraditionalChineseTextViewDemoUITests.swift */,
				3AFB17D9296BBBE1003EF444 /* TraditionalChineseTextViewDemoUITestsLaunchTests.swift */,
			);
			path = TraditionalChineseTextViewDemoUITests;
			sourceTree = "<group>";
		};
		3AFB17E6296BBBFC003EF444 /* TraditionalChineseTextView */ = {
			isa = PBXGroup;
			children = (
				3AFB17E8296BBC48003EF444 /* TraditionalChineseTextView.swift */,
				3AFB17E7296BBC48003EF444 /* TraditonChineseLable.swift */,
			);
			path = TraditionalChineseTextView;
			sourceTree = "<group>";
		};
/* End PBXGroup section */

/* Begin PBXNativeTarget section */
		3AFB17B2296BBBDE003EF444 /* TraditionalChineseTextViewDemo */ = {
			isa = PBXNativeTarget;
			buildConfigurationList = 3AFB17DD296BBBE2003EF444 /* Build configuration list for PBXNativeTarget "TraditionalChineseTextViewDemo" */;
			buildPhases = (
				3AFB17AF296BBBDE003EF444 /* Sources */,
				3AFB17B0296BBBDE003EF444 /* Frameworks */,
				3AFB17B1296BBBDE003EF444 /* Resources */,
			);
			buildRules = (
			);
			dependencies = (
			);
			name = TraditionalChineseTextViewDemo;
			productName = TraditionalChineseTextViewDemo;
			productReference = 3AFB17B3296BBBDE003EF444 /* TraditionalChineseTextViewDemo.app */;
			productType = "com.apple.product-type.application";
		};
		3AFB17C8296BBBE1003EF444 /* TraditionalChineseTextViewDemoTests */ = {
			isa = PBXNativeTarget;
			buildConfigurationList = 3AFB17E0296BBBE2003EF444 /* Build configuration list for PBXNativeTarget "TraditionalChineseTextViewDemoTests" */;
			buildPhases = (
				3AFB17C5296BBBE1003EF444 /* Sources */,
				3AFB17C6296BBBE1003EF444 /* Frameworks */,
				3AFB17C7296BBBE1003EF444 /* Resources */,
			);
			buildRules = (
			);
			dependencies = (
				3AFB17CB296BBBE1003EF444 /* PBXTargetDependency */,
			);
			name = TraditionalChineseTextViewDemoTests;
			productName = TraditionalChineseTextViewDemoTests;
			productReference = 3AFB17C9296BBBE1003EF444 /* TraditionalChineseTextViewDemoTests.xctest */;
			productType = "com.apple.product-type.bundle.unit-test";
		};
		3AFB17D2296BBBE1003EF444 /* TraditionalChineseTextViewDemoUITests */ = {
			isa = PBXNativeTarget;
			buildConfigurationList = 3AFB17E3296BBBE2003EF444 /* Build configuration list for PBXNativeTarget "TraditionalChineseTextViewDemoUITests" */;
			buildPhases = (
				3AFB17CF296BBBE1003EF444 /* Sources */,
				3AFB17D0296BBBE1003EF444 /* Frameworks */,
				3AFB17D1296BBBE1003EF444 /* Resources */,
			);
			buildRules = (
			);
			dependencies = (
				3AFB17D5296BBBE1003EF444 /* PBXTargetDependency */,
			);
			name = TraditionalChineseTextViewDemoUITests;
			productName = TraditionalChineseTextViewDemoUITests;
			productReference = 3AFB17D3296BBBE1003EF444 /* TraditionalChineseTextViewDemoUITests.xctest */;
			productType = "com.apple.product-type.bundle.ui-testing";
		};
/* End PBXNativeTarget section */

/* Begin PBXProject section */
		3AFB17AB296BBBDE003EF444 /* Project object */ = {
			isa = PBXProject;
			attributes = {
				BuildIndependentTargetsInParallel = 1;
				LastSwiftUpdateCheck = 1340;
				LastUpgradeCheck = 1340;
				TargetAttributes = {
					3AFB17B2296BBBDE003EF444 = {
						CreatedOnToolsVersion = 13.4;
					};
					3AFB17C8296BBBE1003EF444 = {
						CreatedOnToolsVersion = 13.4;
						TestTargetID = 3AFB17B2296BBBDE003EF444;
					};
					3AFB17D2296BBBE1003EF444 = {
						CreatedOnToolsVersion = 13.4;
						TestTargetID = 3AFB17B2296BBBDE003EF444;
					};
				};
			};
			buildConfigurationList = 3AFB17AE296BBBDE003EF444 /* Build configuration list for PBXProject "TraditionalChineseTextViewDemo" */;
			compatibilityVersion = "Xcode 13.0";
			developmentRegion = en;
			hasScannedForEncodings = 0;
			knownRegions = (
				en,
				Base,
			);
			mainGroup = 3AFB17AA296BBBDE003EF444;
			productRefGroup = 3AFB17B4296BBBDE003EF444 /* Products */;
			projectDirPath = "";
			projectRoot = "";
			targets = (
				3AFB17B2296BBBDE003EF444 /* TraditionalChineseTextViewDemo */,
				3AFB17C8296BBBE1003EF444 /* TraditionalChineseTextViewDemoTests */,
				3AFB17D2296BBBE1003EF444 /* TraditionalChineseTextViewDemoUITests */,
			);
		};
/* End PBXProject section */

/* Begin PBXResourcesBuildPhase section */
		3AFB17B1296BBBDE003EF444 /* Resources */ = {
			isa = PBXResourcesBuildPhase;
			buildActionMask = 2147483647;
			files = (
				3AFB17C3296BBBE1003EF444 /* LaunchScreen.storyboard in Resources */,
				3AFB17C0296BBBE1003EF444 /* Assets.xcassets in Resources */,
				3AFB17EC296BC25C003EF444 /* fzxz.ttf in Resources */,
				3AFB17BE296BBBDE003EF444 /* Main.storyboard in Resources */,
			);
			runOnlyForDeploymentPostprocessing = 0;
		};
		3AFB17C7296BBBE1003EF444 /* Resources */ = {
			isa = PBXResourcesBuildPhase;
			buildActionMask = 2147483647;
			files = (
			);
			runOnlyForDeploymentPostprocessing = 0;
		};
		3AFB17D1296BBBE1003EF444 /* Resources */ = {
			isa = PBXResourcesBuildPhase;
			buildActionMask = 2147483647;
			files = (
			);
			runOnlyForDeploymentPostprocessing = 0;
		};
/* End PBXResourcesBuildPhase section */

/* Begin PBXSourcesBuildPhase section */
		3AFB17AF296BBBDE003EF444 /* Sources */ = {
			isa = PBXSourcesBuildPhase;
			buildActionMask = 2147483647;
			files = (
				3AFB17BB296BBBDE003EF444 /* ViewController.swift in Sources */,
				3AFB17E9296BBC48003EF444 /* TraditonChineseLable.swift in Sources */,
				3AFB17EA296BBC48003EF444 /* TraditionalChineseTextView.swift in Sources */,
				3AFB17B7296BBBDE003EF444 /* AppDelegate.swift in Sources */,
				3AFB17B9296BBBDE003EF444 /* SceneDelegate.swift in Sources */,
			);
			runOnlyForDeploymentPostprocessing = 0;
		};
		3AFB17C5296BBBE1003EF444 /* Sources */ = {
			isa = PBXSourcesBuildPhase;
			buildActionMask = 2147483647;
			files = (
				3AFB17CE296BBBE1003EF444 /* TraditionalChineseTextViewDemoTests.swift in Sources */,
			);
			runOnlyForDeploymentPostprocessing = 0;
		};
		3AFB17CF296BBBE1003EF444 /* Sources */ = {
			isa = PBXSourcesBuildPhase;
			buildActionMask = 2147483647;
			files = (
				3AFB17D8296BBBE1003EF444 /* TraditionalChineseTextViewDemoUITests.swift in Sources */,
				3AFB17DA296BBBE1003EF444 /* TraditionalChineseTextViewDemoUITestsLaunchTests.swift in Sources */,
			);
			runOnlyForDeploymentPostprocessing = 0;
		};
/* End PBXSourcesBuildPhase section */

/* Begin PBXTargetDependency section */
		3AFB17CB296BBBE1003EF444 /* PBXTargetDependency */ = {
			isa = PBXTargetDependency;
			target = 3AFB17B2296BBBDE003EF444 /* TraditionalChineseTextViewDemo */;
			targetProxy = 3AFB17CA296BBBE1003EF444 /* PBXContainerItemProxy */;
		};
		3AFB17D5296BBBE1003EF444 /* PBXTargetDependency */ = {
			isa = PBXTargetDependency;
			target = 3AFB17B2296BBBDE003EF444 /* TraditionalChineseTextViewDemo */;
			targetProxy = 3AFB17D4296BBBE1003EF444 /* PBXContainerItemProxy */;
		};
/* End PBXTargetDependency section */

/* Begin PBXVariantGroup section */
		3AFB17BC296BBBDE003EF444 /* Main.storyboard */ = {
			isa = PBXVariantGroup;
			children = (
				3AFB17BD296BBBDE003EF444 /* Base */,
			);
			name = Main.storyboard;
			sourceTree = "<group>";
		};
		3AFB17C1296BBBE1003EF444 /* LaunchScreen.storyboard */ = {
			isa = PBXVariantGroup;
			children = (
				3AFB17C2296BBBE1003EF444 /* Base */,
			);
			name = LaunchScreen.storyboard;
			sourceTree = "<group>";
		};
/* End PBXVariantGroup section */

/* Begin XCBuildConfiguration section */
		3AFB17DB296BBBE2003EF444 /* Debug */ = {
			isa = XCBuildConfiguration;
			buildSettings = {
				ALWAYS_SEARCH_USER_PATHS = NO;
				CLANG_ANALYZER_NONNULL = YES;
				CLANG_ANALYZER_NUMBER_OBJECT_CONVERSION = YES_AGGRESSIVE;
				CLANG_CXX_LANGUAGE_STANDARD = "gnu++17";
				CLANG_ENABLE_MODULES = YES;
				CLANG_ENABLE_OBJC_ARC = YES;
				CLANG_ENABLE_OBJC_WEAK = YES;
				CLANG_WARN_BLOCK_CAPTURE_AUTORELEASING = YES;
				CLANG_WARN_BOOL_CONVERSION = YES;
				CLANG_WARN_COMMA = YES;
				CLANG_WARN_CONSTANT_CONVERSION = YES;
				CLANG_WARN_DEPRECATED_OBJC_IMPLEMENTATIONS = YES;
				CLANG_WARN_DIRECT_OBJC_ISA_USAGE = YES_ERROR;
				CLANG_WARN_DOCUMENTATION_COMMENTS = YES;
				CLANG_WARN_EMPTY_BODY = YES;
				CLANG_WARN_ENUM_CONVERSION = YES;
				CLANG_WARN_INFINITE_RECURSION = YES;
				CLANG_WARN_INT_CONVERSION = YES;
				CLANG_WARN_NON_LITERAL_NULL_CONVERSION = YES;
				CLANG_WARN_OBJC_IMPLICIT_RETAIN_SELF = YES;
				CLANG_WARN_OBJC_LITERAL_CONVERSION = YES;
				CLANG_WARN_OBJC_ROOT_CLASS = YES_ERROR;
				CLANG_WARN_QUOTED_INCLUDE_IN_FRAMEWORK_HEADER = YES;
				CLANG_WARN_RANGE_LOOP_ANALYSIS = YES;
				CLANG_WARN_STRICT_PROTOTYPES = YES;
				CLANG_WARN_SUSPICIOUS_MOVE = YES;
				CLANG_WARN_UNGUARDED_AVAILABILITY = YES_AGGRESSIVE;
				CLANG_WARN_UNREACHABLE_CODE = YES;
				CLANG_WARN__DUPLICATE_METHOD_MATCH = YES;
				COPY_PHASE_STRIP = NO;
				DEBUG_INFORMATION_FORMAT = dwarf;
				ENABLE_STRICT_OBJC_MSGSEND = YES;
				ENABLE_TESTABILITY = YES;
				GCC_C_LANGUAGE_STANDARD = gnu11;
				GCC_DYNAMIC_NO_PIC = NO;
				GCC_NO_COMMON_BLOCKS = YES;
				GCC_OPTIMIZATION_LEVEL = 0;
				GCC_PREPROCESSOR_DEFINITIONS = (
					"DEBUG=1",
					"$(inherited)",
				);
				GCC_WARN_64_TO_32_BIT_CONVERSION = YES;
				GCC_WARN_ABOUT_RETURN_TYPE = YES_ERROR;
				GCC_WARN_UNDECLARED_SELECTOR = YES;
				GCC_WARN_UNINITIALIZED_AUTOS = YES_AGGRESSIVE;
				GCC_WARN_UNUSED_FUNCTION = YES;
				GCC_WARN_UNUSED_VARIABLE = YES;
				IPHONEOS_DEPLOYMENT_TARGET = 15.5;
				MTL_ENABLE_DEBUG_INFO = INCLUDE_SOURCE;
				MTL_FAST_MATH = YES;
				ONLY_ACTIVE_ARCH = YES;
				SDKROOT = iphoneos;
				SWIFT_ACTIVE_COMPILATION_CONDITIONS = DEBUG;
				SWIFT_OPTIMIZATION_LEVEL = "-Onone";
			};
			name = Debug;
		};
		3AFB17DC296BBBE2003EF444 /* Release */ = {
			isa = XCBuildConfiguration;
			buildSettings = {
				ALWAYS_SEARCH_USER_PATHS = NO;
				CLANG_ANALYZER_NONNULL = YES;
				CLANG_ANALYZER_NUMBER_OBJECT_CONVERSION = YES_AGGRESSIVE;
				CLANG_CXX_LANGUAGE_STANDARD = "gnu++17";
				CLANG_ENABLE_MODULES = YES;
				CLANG_ENABLE_OBJC_ARC = YES;
				CLANG_ENABLE_OBJC_WEAK = YES;
				CLANG_WARN_BLOCK_CAPTURE_AUTORELEASING = YES;
				CLANG_WARN_BOOL_CONVERSION = YES;
				CLANG_WARN_COMMA = YES;
				CLANG_WARN_CONSTANT_CONVERSION = YES;
				CLANG_WARN_DEPRECATED_OBJC_IMPLEMENTATIONS = YES;
				CLANG_WARN_DIRECT_OBJC_ISA_USAGE = YES_ERROR;
				CLANG_WARN_DOCUMENTATION_COMMENTS = YES;
				CLANG_WARN_EMPTY_BODY = YES;
				CLANG_WARN_ENUM_CONVERSION = YES;
				CLANG_WARN_INFINITE_RECURSION = YES;
				CLANG_WARN_INT_CONVERSION = YES;
				CLANG_WARN_NON_LITERAL_NULL_CONVERSION = YES;
				CLANG_WARN_OBJC_IMPLICIT_RETAIN_SELF = YES;
				CLANG_WARN_OBJC_LITERAL_CONVERSION = YES;
				CLANG_WARN_OBJC_ROOT_CLASS = YES_ERROR;
				CLANG_WARN_QUOTED_INCLUDE_IN_FRAMEWORK_HEADER = YES;
				CLANG_WARN_RANGE_LOOP_ANALYSIS = YES;
				CLANG_WARN_STRICT_PROTOTYPES = YES;
				CLANG_WARN_SUSPICIOUS_MOVE = YES;
				CLANG_WARN_UNGUARDED_AVAILABILITY = YES_AGGRESSIVE;
				CLANG_WARN_UNREACHABLE_CODE = YES;
				CLANG_WARN__DUPLICATE_METHOD_MATCH = YES;
				COPY_PHASE_STRIP = NO;
				DEBUG_INFORMATION_FORMAT = "dwarf-with-dsym";
				ENABLE_NS_ASSERTIONS = NO;
				ENABLE_STRICT_OBJC_MSGSEND = YES;
				GCC_C_LANGUAGE_STANDARD = gnu11;
				GCC_NO_COMMON_BLOCKS = YES;
				GCC_WARN_64_TO_32_BIT_CONVERSION = YES;
				GCC_WARN_ABOUT_RETURN_TYPE = YES_ERROR;
				GCC_WARN_UNDECLARED_SELECTOR = YES;
				GCC_WARN_UNINITIALIZED_AUTOS = YES_AGGRESSIVE;
				GCC_WARN_UNUSED_FUNCTION = YES;
				GCC_WARN_UNUSED_VARIABLE = YES;
				IPHONEOS_DEPLOYMENT_TARGET = 15.5;
				MTL_ENABLE_DEBUG_INFO = NO;
				MTL_FAST_MATH = YES;
				SDKROOT = iphoneos;
				SWIFT_COMPILATION_MODE = wholemodule;
				SWIFT_OPTIMIZATION_LEVEL = "-O";
				VALIDATE_PRODUCT = YES;
			};
			name = Release;
		};
		3AFB17DE296BBBE2003EF444 /* Debug */ = {
			isa = XCBuildConfiguration;
			buildSettings = {
				ASSETCATALOG_COMPILER_APPICON_NAME = AppIcon;
				ASSETCATALOG_COMPILER_GLOBAL_ACCENT_COLOR_NAME = AccentColor;
				CODE_SIGN_STYLE = Automatic;
				CURRENT_PROJECT_VERSION = 1;
				DEVELOPMENT_TEAM = 5H5T986HY7;
				GENERATE_INFOPLIST_FILE = YES;
				INFOPLIST_FILE = TraditionalChineseTextViewDemo/Info.plist;
				INFOPLIST_KEY_UIApplicationSupportsIndirectInputEvents = YES;
				INFOPLIST_KEY_UILaunchStoryboardName = LaunchScreen;
				INFOPLIST_KEY_UIMainStoryboardFile = Main;
				INFOPLIST_KEY_UISupportedInterfaceOrientations_iPad = "UIInterfaceOrientationPortrait UIInterfaceOrientationPortraitUpsideDown UIInterfaceOrientationLandscapeLeft UIInterfaceOrientationLandscapeRight";
				INFOPLIST_KEY_UISupportedInterfaceOrientations_iPhone = "UIInterfaceOrientationPortrait UIInterfaceOrientationLandscapeLeft UIInterfaceOrientationLandscapeRight";
				LD_RUNPATH_SEARCH_PATHS = (
					"$(inherited)",
					"@executable_path/Frameworks",
				);
				MARKETING_VERSION = 1.0;
				PRODUCT_BUNDLE_IDENTIFIER = cocos.cn.bobrowsky.TraditionalChineseTextViewDemo;
				PRODUCT_NAME = "$(TARGET_NAME)";
				SWIFT_EMIT_LOC_STRINGS = YES;
				SWIFT_VERSION = 5.0;
				TARGETED_DEVICE_FAMILY = "1,2";
			};
			name = Debug;
		};
		3AFB17DF296BBBE2003EF444 /* Release */ = {
			isa = XCBuildConfiguration;
			buildSettings = {
				ASSETCATALOG_COMPILER_APPICON_NAME = AppIcon;
				ASSETCATALOG_COMPILER_GLOBAL_ACCENT_COLOR_NAME = AccentColor;
				CODE_SIGN_STYLE = Automatic;
				CURRENT_PROJECT_VERSION = 1;
				DEVELOPMENT_TEAM = 5H5T986HY7;
				GENERATE_INFOPLIST_FILE = YES;
				INFOPLIST_FILE = TraditionalChineseTextViewDemo/Info.plist;
				INFOPLIST_KEY_UIApplicationSupportsIndirectInputEvents = YES;
				INFOPLIST_KEY_UILaunchStoryboardName = LaunchScreen;
				INFOPLIST_KEY_UIMainStoryboardFile = Main;
				INFOPLIST_KEY_UISupportedInterfaceOrientations_iPad = "UIInterfaceOrientationPortrait UIInterfaceOrientationPortraitUpsideDown UIInterfaceOrientationLandscapeLeft UIInterfaceOrientationLandscapeRight";
				INFOPLIST_KEY_UISupportedInterfaceOrientations_iPhone = "UIInterfaceOrientationPortrait UIInterfaceOrientationLandscapeLeft UIInterfaceOrientationLandscapeRight";
				LD_RUNPATH_SEARCH_PATHS = (
					"$(inherited)",
					"@executable_path/Frameworks",
				);
				MARKETING_VERSION = 1.0;
				PRODUCT_BUNDLE_IDENTIFIER = cocos.cn.bobrowsky.TraditionalChineseTextViewDemo;
				PRODUCT_NAME = "$(TARGET_NAME)";
				SWIFT_EMIT_LOC_STRINGS = YES;
				SWIFT_VERSION = 5.0;
				TARGETED_DEVICE_FAMILY = "1,2";
			};
			name = Release;
		};
		3AFB17E1296BBBE2003EF444 /* Debug */ = {
			isa = XCBuildConfiguration;
			buildSettings = {
				ALWAYS_EMBED_SWIFT_STANDARD_LIBRARIES = YES;
				BUNDLE_LOADER = "$(TEST_HOST)";
				CODE_SIGN_STYLE = Automatic;
				CURRENT_PROJECT_VERSION = 1;
				DEVELOPMENT_TEAM = 5H5T986HY7;
				GENERATE_INFOPLIST_FILE = YES;
				IPHONEOS_DEPLOYMENT_TARGET = 15.5;
				MARKETING_VERSION = 1.0;
				PRODUCT_BUNDLE_IDENTIFIER = cocos.cn.bobrowsky.TraditionalChineseTextViewDemoTests;
				PRODUCT_NAME = "$(TARGET_NAME)";
				SWIFT_EMIT_LOC_STRINGS = NO;
				SWIFT_VERSION = 5.0;
				TARGETED_DEVICE_FAMILY = "1,2";
				TEST_HOST = "$(BUILT_PRODUCTS_DIR)/TraditionalChineseTextViewDemo.app/TraditionalChineseTextViewDemo";
			};
			name = Debug;
		};
		3AFB17E2296BBBE2003EF444 /* Release */ = {
			isa = XCBuildConfiguration;
			buildSettings = {
				ALWAYS_EMBED_SWIFT_STANDARD_LIBRARIES = YES;
				BUNDLE_LOADER = "$(TEST_HOST)";
				CODE_SIGN_STYLE = Automatic;
				CURRENT_PROJECT_VERSION = 1;
				DEVELOPMENT_TEAM = 5H5T986HY7;
				GENERATE_INFOPLIST_FILE = YES;
				IPHONEOS_DEPLOYMENT_TARGET = 15.5;
				MARKETING_VERSION = 1.0;
				PRODUCT_BUNDLE_IDENTIFIER = cocos.cn.bobrowsky.TraditionalChineseTextViewDemoTests;
				PRODUCT_NAME = "$(TARGET_NAME)";
				SWIFT_EMIT_LOC_STRINGS = NO;
				SWIFT_VERSION = 5.0;
				TARGETED_DEVICE_FAMILY = "1,2";
				TEST_HOST = "$(BUILT_PRODUCTS_DIR)/TraditionalChineseTextViewDemo.app/TraditionalChineseTextViewDemo";
			};
			name = Release;
		};
		3AFB17E4296BBBE2003EF444 /* Debug */ = {
			isa = XCBuildConfiguration;
			buildSettings = {
				ALWAYS_EMBED_SWIFT_STANDARD_LIBRARIES = YES;
				CODE_SIGN_STYLE = Automatic;
				CURRENT_PROJECT_VERSION = 1;
				DEVELOPMENT_TEAM = 5H5T986HY7;
				GENERATE_INFOPLIST_FILE = YES;
				MARKETING_VERSION = 1.0;
				PRODUCT_BUNDLE_IDENTIFIER = cocos.cn.bobrowsky.TraditionalChineseTextViewDemoUITests;
				PRODUCT_NAME = "$(TARGET_NAME)";
				SWIFT_EMIT_LOC_STRINGS = NO;
				SWIFT_VERSION = 5.0;
				TARGETED_DEVICE_FAMILY = "1,2";
				TEST_TARGET_NAME = TraditionalChineseTextViewDemo;
			};
			name = Debug;
		};
		3AFB17E5296BBBE2003EF444 /* Release */ = {
			isa = XCBuildConfiguration;
			buildSettings = {
				ALWAYS_EMBED_SWIFT_STANDARD_LIBRARIES = YES;
				CODE_SIGN_STYLE = Automatic;
				CURRENT_PROJECT_VERSION = 1;
				DEVELOPMENT_TEAM = 5H5T986HY7;
				GENERATE_INFOPLIST_FILE = YES;
				MARKETING_VERSION = 1.0;
				PRODUCT_BUNDLE_IDENTIFIER = cocos.cn.bobrowsky.TraditionalChineseTextViewDemoUITests;
				PRODUCT_NAME = "$(TARGET_NAME)";
				SWIFT_EMIT_LOC_STRINGS = NO;
				SWIFT_VERSION = 5.0;
				TARGETED_DEVICE_FAMILY = "1,2";
				TEST_TARGET_NAME = TraditionalChineseTextViewDemo;
			};
			name = Release;
		};
/* End XCBuildConfiguration section */

/* Begin XCConfigurationList section */
		3AFB17AE296BBBDE003EF444 /* Build configuration list for PBXProject "TraditionalChineseTextViewDemo" */ = {
			isa = XCConfigurationList;
			buildConfigurations = (
				3AFB17DB296BBBE2003EF444 /* Debug */,
				3AFB17DC296BBBE2003EF444 /* Release */,
			);
			defaultConfigurationIsVisible = 0;
			defaultConfigurationName = Release;
		};
		3AFB17DD296BBBE2003EF444 /* Build configuration list for PBXNativeTarget "TraditionalChineseTextViewDemo" */ = {
			isa = XCConfigurationList;
			buildConfigurations = (
				3AFB17DE296BBBE2003EF444 /* Debug */,
				3AFB17DF296BBBE2003EF444 /* Release */,
			);
			defaultConfigurationIsVisible = 0;
			defaultConfigurationName = Release;
		};
		3AFB17E0296BBBE2003EF444 /* Build configuration list for PBXNativeTarget "TraditionalChineseTextViewDemoTests" */ = {
			isa = XCConfigurationList;
			buildConfigurations = (
				3AFB17E1296BBBE2003EF444 /* Debug */,
				3AFB17E2296BBBE2003EF444 /* Release */,
			);
			defaultConfigurationIsVisible = 0;
			defaultConfigurationName = Release;
		};
		3AFB17E3296BBBE2003EF444 /* Build configuration list for PBXNativeTarget "TraditionalChineseTextViewDemoUITests" */ = {
			isa = XCConfigurationList;
			buildConfigurations = (
				3AFB17E4296BBBE2003EF444 /* Debug */,
				3AFB17E5296BBBE2003EF444 /* Release */,
			);
			defaultConfigurationIsVisible = 0;
			defaultConfigurationName = Release;
		};
/* End XCConfigurationList section */
	};
	rootObject = 3AFB17AB296BBBDE003EF444 /* Project object */;
}
